{
  "name": "swp",
  "version": "1.0.0",
  "lockfileVersion": 2,
  "requires": true,
  "packages": {
    "": {
      "name": "swp",
      "version": "1.0.0",
      "license": "ISC",
      "dependencies": {
        "@aspectjs/core": "^0.1.4",
        "meld": "^1.3.2",
        "reflect-metadata": "^0.1.13",
        "to-aop": "^0.5.4"
      }
    },
    "node_modules/@aspectjs/core": {
      "version": "0.1.4",
      "resolved": "https://registry.npmjs.org/@aspectjs/core/-/core-0.1.4.tgz",
      "integrity": "sha512-Yq5ORZC5CYn/GgMW/HZZzZl/yjn6CqYBzWuTt74s22zfYKsWlqSlZMf+YNE9N1NHLTX5IqWCCgkbVi2EsmiYaQ=="
    },
    "node_modules/meld": {
      "version": "1.3.2",
      "resolved": "https://registry.npmjs.org/meld/-/meld-1.3.2.tgz",
      "integrity": "sha512-vm7Pwiv1t9evT77/etjlZRjTDa/+SgcWFdWCDtoEvgU103Uh7qr4sYPwAsE5rXgwJlZS0w7AR4mzbdu5LrrDEA=="
    },
    "node_modules/reflect-metadata": {
      "version": "0.1.13",
      "resolved": "https://registry.npmjs.org/reflect-metadata/-/reflect-metadata-0.1.13.tgz",
      "integrity": "sha512-Ts1Y/anZELhSsjMcU605fU9RE4Oi3p5ORujwbIKXfWa+0Zxs510Qrmrce5/Jowq3cHSZSJqBjypxmHarc+vEWg=="
    },
    "node_modules/to-aop": {
      "version": "0.5.4",
      "resolved": "https://registry.npmjs.org/to-aop/-/to-aop-0.5.4.tgz",
      "integrity": "sha512-/CNkSs07rBLvl8PrsKiv727qbwUgWvWfYxLWI7QEe5vksmpK8PZVQOyzAY4/5XwHG3mDRZ1gKUAAcjWLqkJkSQ=="
    }
  },
  "dependencies": {
    "@aspectjs/core": {
      "version": "0.1.4",
      "resolved": "https://registry.npmjs.org/@aspectjs/core/-/core-0.1.4.tgz",
      "integrity": "sha512-Yq5ORZC5CYn/GgMW/HZZzZl/yjn6CqYBzWuTt74s22zfYKsWlqSlZMf+YNE9N1NHLTX5IqWCCgkbVi2EsmiYaQ=="
    },
    "meld": {
      "version": "1.3.2",
      "resolved": "https://registry.npmjs.org/meld/-/meld-1.3.2.tgz",
      "integrity": "sha512-vm7Pwiv1t9evT77/etjlZRjTDa/+SgcWFdWCDtoEvgU103Uh7qr4sYPwAsE5rXgwJlZS0w7AR4mzbdu5LrrDEA=="
    },
    "reflect-metadata": {
      "version": "0.1.13",
      "resolved": "https://registry.npmjs.org/reflect-metadata/-/reflect-metadata-0.1.13.tgz",
      "integrity": "sha512-Ts1Y/anZELhSsjMcU605fU9RE4Oi3p5ORujwbIKXfWa+0Zxs510Qrmrce5/Jowq3cHSZSJqBjypxmHarc+vEWg=="
    },
    "to-aop": {
      "version": "0.5.4",
      "resolved": "https://registry.npmjs.org/to-aop/-/to-aop-0.5.4.tgz",
      "integrity": "sha512-/CNkSs07rBLvl8PrsKiv727qbwUgWvWfYxLWI7QEe5vksmpK8PZVQOyzAY4/5XwHG3mDRZ1gKUAAcjWLqkJkSQ=="
    }
  }
}
