{
  "name": "swp",
  "version": "1.0.0",
  "lockfileVersion": 2,
  "requires": true,
  "packages": {
    "": {
      "name": "swp",
      "version": "1.0.0",
      "license": "ISC",
      "dependencies": {
        "to-aop": "^0.5.4"
      }
    },
    "node_modules/to-aop": {
      "version": "0.5.4",
      "resolved": "https://registry.npmjs.org/to-aop/-/to-aop-0.5.4.tgz",
      "integrity": "sha512-/CNkSs07rBLvl8PrsKiv727qbwUgWvWfYxLWI7QEe5vksmpK8PZVQOyzAY4/5XwHG3mDRZ1gKUAAcjWLqkJkSQ=="
    }
  },
  "dependencies": {
    "to-aop": {
      "version": "0.5.4",
      "resolved": "https://registry.npmjs.org/to-aop/-/to-aop-0.5.4.tgz",
      "integrity": "sha512-/CNkSs07rBLvl8PrsKiv727qbwUgWvWfYxLWI7QEe5vksmpK8PZVQOyzAY4/5XwHG3mDRZ1gKUAAcjWLqkJkSQ=="
    }
  }
}
